
Microsoft Visual Studio Solution File, Format Version 12.00
# Visual Studio Version 17
VisualStudioVersion = 17.0.31903.59
MinimumVisualStudioVersion = 10.0.40219.1
Project("{FAE04EC0-301F-11D3-BF4B-00C04F79EFBC}") = "TrialAPI", "TrialAPI\TrialAPI.csproj", "{E7395ECA-4C1A-480A-9E2C-53ECE5AD590A}"
EndProject
Project("{FAE04EC0-301F-11D3-BF4B-00C04F79EFBC}") = "TrialAPI.UnitTests", "TrialAPI.UnitTests\TrialAPI.UnitTests.csproj", "{300DF27B-44E4-4A1C-A1A7-6837AA276165}"
EndProject
Project("{FAE04EC0-301F-11D3-BF4B-00C04F79EFBC}") = "TrialAPI.IntegrationTests", "TrialAPI.IntegrationTests\TrialAPI.IntegrationTests.csproj", "{2B0D323E-DAF7-4C5D-AD89-D59B6CBD5F1A}"
EndProject
Global
	GlobalSection(SolutionConfigurationPlatforms) = preSolution
		Debug|Any CPU = Debug|Any CPU
		Release|Any CPU = Release|Any CPU
	EndGlobalSection
	GlobalSection(SolutionProperties) = preSolution
		HideSolutionNode = FALSE
	EndGlobalSection
	GlobalSection(ProjectConfigurationPlatforms) = postSolution
		{E7395ECA-4C1A-480A-9E2C-53ECE5AD590A}.Debug|Any CPU.ActiveCfg = Debug|Any CPU
		{E7395ECA-4C1A-480A-9E2C-53ECE5AD590A}.Debug|Any CPU.Build.0 = Debug|Any CPU
		{E7395ECA-4C1A-480A-9E2C-53ECE5AD590A}.Release|Any CPU.ActiveCfg = Release|Any CPU
		{E7395ECA-4C1A-480A-9E2C-53ECE5AD590A}.Release|Any CPU.Build.0 = Release|Any CPU
		{300DF27B-44E4-4A1C-A1A7-6837AA276165}.Debug|Any CPU.ActiveCfg = Debug|Any CPU
		{300DF27B-44E4-4A1C-A1A7-6837AA276165}.Debug|Any CPU.Build.0 = Debug|Any CPU
		{300DF27B-44E4-4A1C-A1A7-6837AA276165}.Release|Any CPU.ActiveCfg = Release|Any CPU
		{300DF27B-44E4-4A1C-A1A7-6837AA276165}.Release|Any CPU.Build.0 = Release|Any CPU
		{2B0D323E-DAF7-4C5D-AD89-D59B6CBD5F1A}.Debug|Any CPU.ActiveCfg = Debug|Any CPU
		{2B0D323E-DAF7-4C5D-AD89-D59B6CBD5F1A}.Debug|Any CPU.Build.0 = Debug|Any CPU
		{2B0D323E-DAF7-4C5D-AD89-D59B6CBD5F1A}.Release|Any CPU.ActiveCfg = Release|Any CPU
		{2B0D323E-DAF7-4C5D-AD89-D59B6CBD5F1A}.Release|Any CPU.Build.0 = Release|Any CPU
	EndGlobalSection
EndGlobal
